
Microsoft Visual Studio Solution File, Format Version 12.00
# Visual Studio Version 17
VisualStudioVersion = 17.0.31919.166
MinimumVisualStudioVersion = 10.0.40219.1
Project("{FAE04EC0-301F-11D3-BF4B-00C04F79EFBC}") = "apBiblioteca_22136_22143", "apBiblioteca_22136_22143\apBiblioteca_22136_22143.csproj", "{018B4206-924B-4DBE-95BC-CB9FB1FC70B6}"
EndProject
Global
	GlobalSection(SolutionConfigurationPlatforms) = preSolution
		Debug|Any CPU = Debug|Any CPU
		Release|Any CPU = Release|Any CPU
	EndGlobalSection
	GlobalSection(ProjectConfigurationPlatforms) = postSolution
		{018B4206-924B-4DBE-95BC-CB9FB1FC70B6}.Debug|Any CPU.ActiveCfg = Debug|Any CPU
		{018B4206-924B-4DBE-95BC-CB9FB1FC70B6}.Debug|Any CPU.Build.0 = Debug|Any CPU
		{018B4206-924B-4DBE-95BC-CB9FB1FC70B6}.Release|Any CPU.ActiveCfg = Release|Any CPU
		{018B4206-924B-4DBE-95BC-CB9FB1FC70B6}.Release|Any CPU.Build.0 = Release|Any CPU
	EndGlobalSection
	GlobalSection(SolutionProperties) = preSolution
		HideSolutionNode = FALSE
	EndGlobalSection
	GlobalSection(ExtensibilityGlobals) = postSolution
		SolutionGuid = {2C6959E1-F05F-448A-A0BC-A27D84EFA172}
	EndGlobalSection
EndGlobal
